
Microsoft Visual Studio Solution File, Format Version 12.00
# Visual Studio Version 16
VisualStudioVersion = 16.0.29020.237
MinimumVisualStudioVersion = 10.0.40219.1
Project("{8BC9CEB8-8B4A-11D0-8D11-00A0C91BC942}") = "prjMilitaryTimeParabola", "prjMilitaryTimeParabola.vcxproj", "{41D9CAFC-F033-45F7-B4CA-458897FAC6C2}"
EndProject
Global
	GlobalSection(SolutionConfigurationPlatforms) = preSolution
		Debug|x64 = Debug|x64
		Debug|x86 = Debug|x86
		Release|x64 = Release|x64
		Release|x86 = Release|x86
	EndGlobalSection
	GlobalSection(ProjectConfigurationPlatforms) = postSolution
		{41D9CAFC-F033-45F7-B4CA-458897FAC6C2}.Debug|x64.ActiveCfg = Debug|x64
		{41D9CAFC-F033-45F7-B4CA-458897FAC6C2}.Debug|x64.Build.0 = Debug|x64
		{41D9CAFC-F033-45F7-B4CA-458897FAC6C2}.Debug|x86.ActiveCfg = Debug|Win32
		{41D9CAFC-F033-45F7-B4CA-458897FAC6C2}.Debug|x86.Build.0 = Debug|Win32
		{41D9CAFC-F033-45F7-B4CA-458897FAC6C2}.Release|x64.ActiveCfg = Release|x64
		{41D9CAFC-F033-45F7-B4CA-458897FAC6C2}.Release|x64.Build.0 = Release|x64
		{41D9CAFC-F033-45F7-B4CA-458897FAC6C2}.Release|x86.ActiveCfg = Release|Win32
		{41D9CAFC-F033-45F7-B4CA-458897FAC6C2}.Release|x86.Build.0 = Release|Win32
	EndGlobalSection
	GlobalSection(SolutionProperties) = preSolution
		HideSolutionNode = FALSE
	EndGlobalSection
	GlobalSection(ExtensibilityGlobals) = postSolution
		SolutionGuid = {709BDB85-6FC0-490C-AF22-F3B42A532D50}
	EndGlobalSection
EndGlobal
