
Microsoft Visual Studio Solution File, Format Version 12.00
# Visual Studio Version 16
VisualStudioVersion = 16.0.29503.13
MinimumVisualStudioVersion = 10.0.40219.1
Project("{8BC9CEB8-8B4A-11D0-8D11-00A0C91BC942}") = "ArabicRoman", "ArabicRoman.vcxproj", "{A59B8861-4F01-43CD-AB44-B91CB3FE997F}"
EndProject
Global
	GlobalSection(SolutionConfigurationPlatforms) = preSolution
		Debug|x64 = Debug|x64
		Debug|x86 = Debug|x86
		Release|x64 = Release|x64
		Release|x86 = Release|x86
	EndGlobalSection
	GlobalSection(ProjectConfigurationPlatforms) = postSolution
		{A59B8861-4F01-43CD-AB44-B91CB3FE997F}.Debug|x64.ActiveCfg = Debug|x64
		{A59B8861-4F01-43CD-AB44-B91CB3FE997F}.Debug|x64.Build.0 = Debug|x64
		{A59B8861-4F01-43CD-AB44-B91CB3FE997F}.Debug|x86.ActiveCfg = Debug|Win32
		{A59B8861-4F01-43CD-AB44-B91CB3FE997F}.Debug|x86.Build.0 = Debug|Win32
		{A59B8861-4F01-43CD-AB44-B91CB3FE997F}.Release|x64.ActiveCfg = Release|x64
		{A59B8861-4F01-43CD-AB44-B91CB3FE997F}.Release|x64.Build.0 = Release|x64
		{A59B8861-4F01-43CD-AB44-B91CB3FE997F}.Release|x86.ActiveCfg = Release|Win32
		{A59B8861-4F01-43CD-AB44-B91CB3FE997F}.Release|x86.Build.0 = Release|Win32
	EndGlobalSection
	GlobalSection(SolutionProperties) = preSolution
		HideSolutionNode = FALSE
	EndGlobalSection
	GlobalSection(ExtensibilityGlobals) = postSolution
		SolutionGuid = {7233A382-EFFC-45B9-808F-BACD48E12644}
	EndGlobalSection
EndGlobal
