
Microsoft Visual Studio Solution File, Format Version 12.00
# Visual Studio Version 16
VisualStudioVersion = 16.0.29503.13
MinimumVisualStudioVersion = 10.0.40219.1
Project("{8BC9CEB8-8B4A-11D0-8D11-00A0C91BC942}") = "prj5.1-5.9", "prj5.1-5.9.vcxproj", "{D499C6E5-0054-4694-9807-E444F9F1A9EF}"
EndProject
Global
	GlobalSection(SolutionConfigurationPlatforms) = preSolution
		Debug|x64 = Debug|x64
		Debug|x86 = Debug|x86
		Release|x64 = Release|x64
		Release|x86 = Release|x86
	EndGlobalSection
	GlobalSection(ProjectConfigurationPlatforms) = postSolution
		{D499C6E5-0054-4694-9807-E444F9F1A9EF}.Debug|x64.ActiveCfg = Debug|x64
		{D499C6E5-0054-4694-9807-E444F9F1A9EF}.Debug|x64.Build.0 = Debug|x64
		{D499C6E5-0054-4694-9807-E444F9F1A9EF}.Debug|x86.ActiveCfg = Debug|Win32
		{D499C6E5-0054-4694-9807-E444F9F1A9EF}.Debug|x86.Build.0 = Debug|Win32
		{D499C6E5-0054-4694-9807-E444F9F1A9EF}.Release|x64.ActiveCfg = Release|x64
		{D499C6E5-0054-4694-9807-E444F9F1A9EF}.Release|x64.Build.0 = Release|x64
		{D499C6E5-0054-4694-9807-E444F9F1A9EF}.Release|x86.ActiveCfg = Release|Win32
		{D499C6E5-0054-4694-9807-E444F9F1A9EF}.Release|x86.Build.0 = Release|Win32
	EndGlobalSection
	GlobalSection(SolutionProperties) = preSolution
		HideSolutionNode = FALSE
	EndGlobalSection
	GlobalSection(ExtensibilityGlobals) = postSolution
		SolutionGuid = {BD5A8808-56B0-4AD6-89AF-F1ED2186F793}
	EndGlobalSection
EndGlobal
